
Microsoft Visual Studio Solution File, Format Version 12.00
# Visual Studio Version 17
VisualStudioVersion = 17.5.2.0
MinimumVisualStudioVersion = 10.0.40219.1
Project("{FAE04EC0-301F-11D3-BF4B-00C04F79EFBC}") = "ModPrebuild", "ModPrebuild\ModPrebuild.csproj", "{C08CE0F9-1B1B-4E1C-9EC1-A9D1417205FF}"
EndProject
Project("{FAE04EC0-301F-11D3-BF4B-00C04F79EFBC}") = "BowAimSensitivity", "BowAimSensitivity\BowAimSensitivity.csproj", "{B1E40DCC-3AED-48A9-BA69-778B75CA4A0D}"
EndProject
Project("{FAE04EC0-301F-11D3-BF4B-00C04F79EFBC}") = "QuickArmorSets", "QuickArmorSets\QuickArmorSets.csproj", "{604EFAF3-AC97-43EA-AA46-DB92C5845376}"
EndProject
Project("{FAE04EC0-301F-11D3-BF4B-00C04F79EFBC}") = "LootNewItemMarker", "LootNewItemMarker\LootNewItemMarker.csproj", "{CD1B3828-9CFF-4DBD-A22E-A7CD3925B7DD}"
EndProject
Global
	GlobalSection(SolutionConfigurationPlatforms) = preSolution
		Debug|Any CPU = Debug|Any CPU
		Release|Any CPU = Release|Any CPU
	EndGlobalSection
	GlobalSection(ProjectConfigurationPlatforms) = postSolution
		{C08CE0F9-1B1B-4E1C-9EC1-A9D1417205FF}.Debug|Any CPU.ActiveCfg = Debug|Any CPU
		{C08CE0F9-1B1B-4E1C-9EC1-A9D1417205FF}.Debug|Any CPU.Build.0 = Debug|Any CPU
		{C08CE0F9-1B1B-4E1C-9EC1-A9D1417205FF}.Release|Any CPU.ActiveCfg = Release|Any CPU
		{C08CE0F9-1B1B-4E1C-9EC1-A9D1417205FF}.Release|Any CPU.Build.0 = Release|Any CPU
		{B1E40DCC-3AED-48A9-BA69-778B75CA4A0D}.Debug|Any CPU.ActiveCfg = Debug|Any CPU
		{B1E40DCC-3AED-48A9-BA69-778B75CA4A0D}.Debug|Any CPU.Build.0 = Debug|Any CPU
		{B1E40DCC-3AED-48A9-BA69-778B75CA4A0D}.Release|Any CPU.ActiveCfg = Release|Any CPU
		{B1E40DCC-3AED-48A9-BA69-778B75CA4A0D}.Release|Any CPU.Build.0 = Release|Any CPU
		{604EFAF3-AC97-43EA-AA46-DB92C5845376}.Debug|Any CPU.ActiveCfg = Debug|Any CPU
		{604EFAF3-AC97-43EA-AA46-DB92C5845376}.Debug|Any CPU.Build.0 = Debug|Any CPU
		{604EFAF3-AC97-43EA-AA46-DB92C5845376}.Release|Any CPU.ActiveCfg = Release|Any CPU
		{604EFAF3-AC97-43EA-AA46-DB92C5845376}.Release|Any CPU.Build.0 = Release|Any CPU
		{CD1B3828-9CFF-4DBD-A22E-A7CD3925B7DD}.Debug|Any CPU.ActiveCfg = Debug|Any CPU
		{CD1B3828-9CFF-4DBD-A22E-A7CD3925B7DD}.Debug|Any CPU.Build.0 = Debug|Any CPU
		{CD1B3828-9CFF-4DBD-A22E-A7CD3925B7DD}.Release|Any CPU.ActiveCfg = Release|Any CPU
		{CD1B3828-9CFF-4DBD-A22E-A7CD3925B7DD}.Release|Any CPU.Build.0 = Release|Any CPU
	EndGlobalSection
	GlobalSection(SolutionProperties) = preSolution
		HideSolutionNode = FALSE
	EndGlobalSection
	GlobalSection(ExtensibilityGlobals) = postSolution
		SolutionGuid = {2E1B6633-931C-4EFA-96D5-0C7241BD045A}
	EndGlobalSection
EndGlobal
